{
  "name": "doom-ai-codex",
  "version": "1.0.0",
  "lockfileVersion": 3,
  "requires": true,
  "packages": {
    "": {
      "name": "doom-ai-codex",
      "version": "1.0.0",
      "license": "MIT",
      "workspaces": [
        "packages/*"
      ]
    },
    "node_modules/@doom-ai-codex/infra": {
      "resolved": "packages/infra",
      "link": true
    },
    "node_modules/@doom-ai-codex/web": {
      "resolved": "packages/web",
      "link": true
    },
    "packages/infra": {
      "name": "@doom-ai-codex/infra",
      "version": "1.0.0",
      "license": "MIT"
    },
    "packages/web": {
      "name": "@doom-ai-codex/web",
      "version": "1.0.0",
      "license": "MIT"
    }
  }
}
